{
  "nodes": {
    "nixpkgs": {
      "locked": {
        "lastModified": 1642543148,
        "narHash": "sha256-5ApUU6DR3QA7EDeVMGUtM6OZonNTvdQJuxGfGiTH8gc=",
        "owner": "NixOS",
        "repo": "nixpkgs",
        "rev": "f76bef61369be38a10c7a1aa718782a60340d9ff",
        "type": "github"
      },
      "original": {
        "owner": "NixOS",
        "repo": "nixpkgs",
        "rev": "f76bef61369be38a10c7a1aa718782a60340d9ff",
        "type": "github"
      }
    },
    "root": {
      "inputs": {
        "nixpkgs": "nixpkgs"
      }
    }
  },
  "root": "root",
  "version": 7
}
